{
  "name": "nbb-lambda",
  "version": "1.0.0",
  "lockfileVersion": 2,
  "requires": true,
  "packages": {
    "": {
      "name": "nbb-lambda",
      "version": "1.0.0",
      "license": "ISC",
      "dependencies": {
        "nbb": "^0.0.97"
      }
    },
    "node_modules/nbb": {
      "version": "0.0.97",
      "resolved": "https://registry.npmjs.org/nbb/-/nbb-0.0.97.tgz",
      "integrity": "sha512-T6M8rfIuRj9/UNyeYv53bQoqp7TBNKZCAQ3Y65zJTe4jBgk+D1A5K+bhM6nJx3tyJoYW+Sb8iArXjCq5Tzxk0w==",
      "bin": {
        "nbb": "out/nbb_main.js"
      }
    }
  },
  "dependencies": {
    "nbb": {
      "version": "0.0.97",
      "resolved": "https://registry.npmjs.org/nbb/-/nbb-0.0.97.tgz",
      "integrity": "sha512-T6M8rfIuRj9/UNyeYv53bQoqp7TBNKZCAQ3Y65zJTe4jBgk+D1A5K+bhM6nJx3tyJoYW+Sb8iArXjCq5Tzxk0w=="
    }
  }
}
